{
  "name": "zenn_memo",
  "version": "1.0.0",
  "lockfileVersion": 3,
  "requires": true,
  "packages": {
    "": {
      "name": "zenn_memo",
      "version": "1.0.0",
      "license": "GPL-3.0",
      "dependencies": {
        "zenn-cli": "^0.1.154"
      },
      "engines": {
        "node": ">=20.0.0 <23.0.0",
        "npm": ">=10.0.0 <11.0.0"
      }
    },
    "node_modules/zenn-cli": {
      "version": "0.1.154",
      "resolved": "https://registry.npmjs.org/zenn-cli/-/zenn-cli-0.1.154.tgz",
      "integrity": "sha512-s9SZst7TWiA2VS+40CWUS7pu5cl2OAIhNPyiAtqIwjDFzqB47vVsN78G8VK7VZ7ov6B4gqQrQHcgMHVqvoLN8g==",
      "bin": {
        "zenn": "dist/server/zenn.js"
      },
      "engines": {
        "node": ">=14.0.0"
      }
    }
  }
}
